
Microsoft Visual Studio Solution File, Format Version 12.00
# Visual Studio Version 16
VisualStudioVersion = 16.0.30011.22
MinimumVisualStudioVersion = 10.0.40219.1
Project("{FAE04EC0-301F-11D3-BF4B-00C04F79EFBC}") = "UnitTestPractice", "UnitTestPractice\UnitTestPractice.csproj", "{EE9B5329-8A55-44FF-AB41-DD0796F96459}"
EndProject
Project("{FAE04EC0-301F-11D3-BF4B-00C04F79EFBC}") = "UnitTest", "UnitTest\UnitTest.csproj", "{9241AD8B-E33C-40CE-BA55-032EAB9A19C0}"
EndProject
Global
	GlobalSection(SolutionConfigurationPlatforms) = preSolution
		Debug|Any CPU = Debug|Any CPU
		Release|Any CPU = Release|Any CPU
	EndGlobalSection
	GlobalSection(ProjectConfigurationPlatforms) = postSolution
		{EE9B5329-8A55-44FF-AB41-DD0796F96459}.Debug|Any CPU.ActiveCfg = Debug|Any CPU
		{EE9B5329-8A55-44FF-AB41-DD0796F96459}.Debug|Any CPU.Build.0 = Debug|Any CPU
		{EE9B5329-8A55-44FF-AB41-DD0796F96459}.Release|Any CPU.ActiveCfg = Release|Any CPU
		{EE9B5329-8A55-44FF-AB41-DD0796F96459}.Release|Any CPU.Build.0 = Release|Any CPU
		{9241AD8B-E33C-40CE-BA55-032EAB9A19C0}.Debug|Any CPU.ActiveCfg = Debug|Any CPU
		{9241AD8B-E33C-40CE-BA55-032EAB9A19C0}.Debug|Any CPU.Build.0 = Debug|Any CPU
		{9241AD8B-E33C-40CE-BA55-032EAB9A19C0}.Release|Any CPU.ActiveCfg = Release|Any CPU
		{9241AD8B-E33C-40CE-BA55-032EAB9A19C0}.Release|Any CPU.Build.0 = Release|Any CPU
	EndGlobalSection
	GlobalSection(SolutionProperties) = preSolution
		HideSolutionNode = FALSE
	EndGlobalSection
	GlobalSection(ExtensibilityGlobals) = postSolution
		SolutionGuid = {0FC27497-A4CB-46E2-B404-080FA61EBD1F}
	EndGlobalSection
EndGlobal
